<?xml version="1.0" encoding="utf-8"?>
<Project ToolsVersion="4.0" xmlns="http://schemas.microsoft.com/developer/msbuild/2003">
  <ItemGroup>
    <ClCompile Include="..\..\..\bsr\bsr-kernel-compat\windows\attr.c">
      <Filter>bsr\bsr-kernel-compat\windows</Filter>
    </ClCompile>
    <ClCompile Include="..\..\..\bsr\bsr_actlog.c">
      <Filter>bsr</Filter>
    </ClCompile>
    <ClCompile Include="..\..\..\bsr\bsr_bitmap.c">
      <Filter>bsr</Filter>
    </ClCompile>
    <ClCompile Include="..\..\..\bsr\bsr_debugfs.c">
      <Filter>bsr</Filter>
    </ClCompile>
    <ClCompile Include="..\..\..\bsr\bsr_interval.c">
      <Filter>bsr</Filter>
    </ClCompile>
    <ClCompile Include="..\..\..\bsr\bsr_kref_debug.c">
      <Filter>bsr</Filter>
    </ClCompile>
    <ClCompile Include="..\..\..\bsr\bsr_main.c">
      <Filter>bsr</Filter>
    </ClCompile>
    <ClCompile Include="..\..\..\bsr\bsr_nl.c">
      <Filter>bsr</Filter>
    </ClCompile>
    <ClCompile Include="..\..\..\bsr\bsr_nla.c">
      <Filter>bsr</Filter>
    </ClCompile>
    <ClCompile Include="..\..\..\bsr\bsr_proc.c">
      <Filter>bsr</Filter>
    </ClCompile>
    <ClCompile Include="..\..\..\bsr\bsr_receiver.c">
      <Filter>bsr</Filter>
    </ClCompile>
    <ClCompile Include="..\..\..\bsr\bsr_req.c">
      <Filter>bsr</Filter>
    </ClCompile>
    <ClCompile Include="..\..\..\bsr\bsr_sender.c">
      <Filter>bsr</Filter>
    </ClCompile>
    <ClCompile Include="..\..\..\bsr\bsr_state.c">
      <Filter>bsr</Filter>
    </ClCompile>
    <ClCompile Include="..\..\..\bsr-headers\bsr_strings.c">
      <Filter>bsr-headers</Filter>
    </ClCompile>
    <ClCompile Include="..\..\..\bsr\bsr_transport.c">
      <Filter>bsr</Filter>
    </ClCompile>
    <ClCompile Include="..\..\..\bsr\bsr_transport_tcp.c">
      <Filter>bsr</Filter>
    </ClCompile>
    <ClCompile Include="..\..\..\bsr\bsr-kernel-compat\windows\bsr_windows.c">
      <Filter>bsr\bsr-kernel-compat\windows</Filter>
    </ClCompile>
    <ClCompile Include="data.c">
      <Filter>bsr-platform\windows\bsrvflt</Filter>
    </ClCompile>
    <ClCompile Include="disp.c">
      <Filter>bsr-platform\windows\bsrvflt</Filter>
    </ClCompile>
    <ClCompile Include="..\..\..\bsr\bsr-kernel-compat\windows\idr.c">
      <Filter>bsr\bsr-kernel-compat\windows</Filter>
    </ClCompile>
    <ClCompile Include="..\..\..\bsr\bsr-kernel-compat\windows\hweight.c">
      <Filter>bsr\bsr-kernel-compat\windows</Filter>
    </ClCompile>
    <ClCompile Include="..\..\..\bsr\kref_debug.c">
      <Filter>bsr</Filter>
    </ClCompile>
    <ClCompile Include="..\..\..\bsr\lru_cache.c">
      <Filter>bsr</Filter>
    </ClCompile>
    <ClCompile Include="..\..\..\bsr\bsr-kernel-compat\windows\netlink.c">
      <Filter>bsr\bsr-kernel-compat\windows</Filter>
    </ClCompile>
    <ClCompile Include="ops.c">
      <Filter>bsr-platform\windows\bsrvflt</Filter>
    </ClCompile>
    <ClCompile Include="..\..\..\bsr\bsr-kernel-compat\windows\rbtree.c">
      <Filter>bsr\bsr-kernel-compat\windows</Filter>
    </ClCompile>
    <ClCompile Include="..\..\..\bsr\bsr_send_buf.c">
      <Filter>bsr</Filter>
    </ClCompile>
    <ClCompile Include="..\..\..\bsr\bsr-kernel-compat\windows\seq_file.c">
      <Filter>bsr\bsr-kernel-compat\windows</Filter>
    </ClCompile>
    <ClCompile Include="sub.c">
      <Filter>bsr-platform\windows\bsrvflt</Filter>
    </ClCompile>
    <ClCompile Include="thread.c">
      <Filter>bsr-platform\windows\bsrvflt</Filter>
    </ClCompile>
    <ClCompile Include="util.c">
      <Filter>bsr-platform\windows\bsrvflt</Filter>
    </ClCompile>
    <ClCompile Include="wsk_wrapper.c">
      <Filter>bsr-platform\windows\bsrvflt</Filter>
    </ClCompile>
    <ClCompile Include="bsr_windows_buildtag.c">
      <Filter>bsr-platform\windows\bsrvflt</Filter>
    </ClCompile>
    <ClCompile Include="..\..\..\bsr\bsr-kernel-compat\windows\bsr_wingenl.c">
      <Filter>bsr\bsr-kernel-compat\windows</Filter>
    </ClCompile>
    <ClCompile Include="..\..\..\bsr\bsr-kernel-compat\bsr_wrappers.c">
      <Filter>bsr\bsr-kernel-compat</Filter>
    </ClCompile>
    <ClCompile Include="..\..\..\bsr\bsr_log.c">
      <Filter>bsr</Filter>
    </ClCompile>
    <ClCompile Include="..\..\..\bsr\bsr_ring.c">
      <Filter>bsr</Filter>
    </ClCompile>
    <ClCompile Include="..\..\..\bsr\bsr_split_req.c">
      <Filter>bsr</Filter>
    </ClCompile>
  </ItemGroup>
  <ItemGroup>
    <ClInclude Include="..\..\..\bsr\bsr-kernel-compat\windows\backing-dev.h">
      <Filter>bsr\bsr-kernel-compat\windows</Filter>
    </ClInclude>
    <ClInclude Include="..\..\..\bsr\bsr-kernel-compat\windows\bitops.h">
      <Filter>bsr\bsr-kernel-compat\windows</Filter>
    </ClInclude>
    <ClInclude Include="..\..\..\bsr-headers\windows\bsr.h">
      <Filter>bsr\bsr-kernel-compat\windows</Filter>
    </ClInclude>
    <ClInclude Include="..\..\..\bsr-headers\linux\bsr.h">
      <Filter>bsr\bsr-kernel-compat\linux</Filter>
    </ClInclude>
    <ClInclude Include="..\..\..\bsr\bsr_debugfs.h">
      <Filter>bsr</Filter>
    </ClInclude>
    <ClInclude Include="..\..\..\bsr\bsr-kernel-compat\windows\bsr_endian.h">
      <Filter>bsr\bsr-kernel-compat\windows</Filter>
    </ClInclude>
    <ClInclude Include="..\..\..\bsr-headers\linux\bsr_genl.h">
      <Filter>bsr-headers\linux</Filter>
    </ClInclude>
    <ClInclude Include="..\..\..\bsr-headers\linux\bsr_genl_api.h">
      <Filter>bsr-headers\linux</Filter>
    </ClInclude>
    <ClInclude Include="..\..\..\bsr\bsr_int.h">
      <Filter>bsr</Filter>
    </ClInclude>
    <ClInclude Include="..\..\..\bsr\bsr_interval.h">
      <Filter>bsr</Filter>
    </ClInclude>
    <ClInclude Include="..\..\..\bsr\bsr_kref_debug.h">
      <Filter>bsr</Filter>
    </ClInclude>
    <ClInclude Include="..\..\..\bsr-headers\linux\bsr_limits.h">
      <Filter>bsr-headers\linux</Filter>
    </ClInclude>
    <ClInclude Include="..\..\..\bsr-headers\bsr_meta_data.h">
      <Filter>bsr-headers</Filter>
    </ClInclude>
    <ClInclude Include="..\..\..\bsr\bsr_nla.h">
      <Filter>bsr</Filter>
    </ClInclude>
    <ClInclude Include="..\..\..\bsr-headers\bsr_protocol.h">
      <Filter>bsr-headers</Filter>
    </ClInclude>
    <ClInclude Include="..\..\..\bsr\bsr_req.h">
      <Filter>bsr</Filter>
    </ClInclude>
    <ClInclude Include="..\..\..\bsr\bsr_state.h">
      <Filter>bsr</Filter>
    </ClInclude>
    <ClInclude Include="..\..\..\bsr\bsr_state_change.h">
      <Filter>bsr</Filter>
    </ClInclude>
    <ClInclude Include="..\..\..\bsr-headers\bsr_strings.h">
      <Filter>bsr-headers</Filter>
    </ClInclude>
    <ClInclude Include="..\..\..\bsr-headers\bsr_transport.h">
      <Filter>bsr-headers</Filter>
    </ClInclude>
    <ClInclude Include="..\..\..\bsr\bsr_vli.h">
      <Filter>bsr</Filter>
    </ClInclude>
    <ClInclude Include="..\..\..\bsr\bsr-kernel-compat\windows\bsr_windows.h">
      <Filter>bsr\bsr-kernel-compat\windows</Filter>
    </ClInclude>
    <ClInclude Include="..\..\..\bsr\bsr-kernel-compat\windows\bsr_wingenl.h">
      <Filter>bsr\bsr-kernel-compat\windows</Filter>
    </ClInclude>
    <ClInclude Include="..\..\..\bsr\bsr-kernel-compat\bsr_wrappers.h">
      <Filter>bsr\bsr-kernel-compat</Filter>
    </ClInclude>
    <ClInclude Include="bsrvfltmsg.h">
      <Filter>bsr-platform\windows\bsrvflt</Filter>
    </ClInclude>
    <ClInclude Include="bsrvfltse.h">
      <Filter>bsr-platform\windows\bsrvflt</Filter>
    </ClInclude>
    <ClInclude Include="comm.h">
      <Filter>bsr-platform\windows\bsrvflt</Filter>
    </ClInclude>
    <ClInclude Include="disp.h">
      <Filter>bsr-platform\windows\bsrvflt</Filter>
    </ClInclude>
    <ClInclude Include="..\..\..\bsr\bsr-kernel-compat\linux\dynamic_debug.h">
      <Filter>bsr\bsr-kernel-compat\linux</Filter>
    </ClInclude>
    <ClInclude Include="..\..\..\bsr-headers\linux\genl_magic_func.h">
      <Filter>bsr-headers\linux</Filter>
    </ClInclude>
    <ClInclude Include="..\..\..\bsr-headers\linux\genl_magic_struct.h">
      <Filter>bsr-headers\linux</Filter>
    </ClInclude>
    <ClInclude Include="..\..\..\bsr\bsr-kernel-compat\linux\hardirq.h">
      <Filter>bsr\bsr-kernel-compat\linux</Filter>
    </ClInclude>
    <ClInclude Include="..\..\..\bsr\bsr-kernel-compat\windows\idr.h">
      <Filter>bsr\bsr-kernel-compat\windows</Filter>
    </ClInclude>
    <ClInclude Include="..\..\..\bsr\bsr-kernel-compat\windows\hweight.h">
      <Filter>bsr\bsr-kernel-compat\windows</Filter>
    </ClInclude>
    <ClInclude Include="..\..\..\bsr-headers\windows\ioctl.h">
      <Filter>bsr-headers\windows</Filter>
    </ClInclude>
    <ClInclude Include="..\..\..\bsr\bsr-kernel-compat\windows\jiffies.h">
      <Filter>bsr\bsr-kernel-compat\windows</Filter>
    </ClInclude>
    <ClInclude Include="..\..\..\bsr\bsr-kernel-compat\windows\kernel.h">
      <Filter>bsr\bsr-kernel-compat\windows</Filter>
    </ClInclude>
    <ClInclude Include="..\..\..\bsr\kref_debug.h">
      <Filter>bsr</Filter>
    </ClInclude>
    <ClInclude Include="..\..\..\bsr\bsr-kernel-compat\windows\list.h">
      <Filter>bsr\bsr-kernel-compat\windows</Filter>
    </ClInclude>
    <ClInclude Include="..\..\..\bsr\bsr-kernel-compat\linux\memcontrol.h">
      <Filter>bsr\bsr-kernel-compat\linux</Filter>
    </ClInclude>
    <ClInclude Include="..\..\..\bsr\bsr-kernel-compat\linux\mutex.h">
      <Filter>bsr\bsr-kernel-compat\linux</Filter>
    </ClInclude>
    <ClInclude Include="proto.h">
      <Filter>bsr-platform\windows\bsrvflt</Filter>
    </ClInclude>
    <ClInclude Include="..\..\..\bsr\bsr-kernel-compat\windows\rbtree.h">
      <Filter>bsr\bsr-kernel-compat\windows</Filter>
    </ClInclude>
    <ClInclude Include="..\..\..\bsr\bsr-kernel-compat\windows\sched.h">
      <Filter>bsr\bsr-kernel-compat\windows</Filter>
    </ClInclude>
    <ClInclude Include="..\..\..\bsr\bsr_send_buf.h">
      <Filter>bsr</Filter>
    </ClInclude>
    <ClInclude Include="..\..\..\bsr\bsr-kernel-compat\windows\seq_file.h">
      <Filter>bsr\bsr-kernel-compat\windows</Filter>
    </ClInclude>
    <ClInclude Include="..\..\..\bsr\bsr-kernel-compat\windows\spinlock.h">
      <Filter>bsr\bsr-kernel-compat\windows</Filter>
    </ClInclude>
    <ClInclude Include="..\..\..\bsr\bsr-kernel-compat\linux\tracepoint.h">
      <Filter>bsr\bsr-kernel-compat\linux</Filter>
    </ClInclude>
    <ClInclude Include="..\..\..\bsr-headers\windows\types.h">
      <Filter>bsr-headers\windows</Filter>
    </ClInclude>
    <ClInclude Include="..\..\..\bsr\bsr-kernel-compat\windows\wait.h">
      <Filter>bsr\bsr-kernel-compat\windows</Filter>
    </ClInclude>
    <ClInclude Include="..\..\..\bsr-headers\windows\wingenl.h">
      <Filter>bsr-headers\windows</Filter>
    </ClInclude>
    <ClInclude Include="wsk_wrapper.h">
      <Filter>bsr-platform\windows\bsrvflt</Filter>
    </ClInclude>
    <ClInclude Include="..\..\..\bsr\linux\bsr_config.h">
      <Filter>bsr\linux</Filter>
    </ClInclude>
    <ClInclude Include="..\..\..\bsr\linux\lru_cache.h">
      <Filter>bsr\linux</Filter>
    </ClInclude>
    <ClInclude Include="..\..\..\bsr-headers\linux\genl_magic_func-genl_register_family_with_ops_groups.h">
      <Filter>bsr-headers\linux</Filter>
    </ClInclude>
    <ClInclude Include="..\..\..\bsr-headers\linux\genl_magic_func-genl_register_mc_group.h">
      <Filter>bsr-headers\linux</Filter>
    </ClInclude>
    <ClInclude Include="..\..\..\bsr-headers\bsr.h">
      <Filter>bsr-headers</Filter>
    </ClInclude>
    <ClInclude Include="..\..\..\bsr-headers\linux\bsr_linux_ioctl.h">
      <Filter>bsr-headers\linux</Filter>
    </ClInclude>
    <ClInclude Include="..\..\..\bsr-headers\bsr_ioctl.h">
      <Filter>bsr-headers</Filter>
    </ClInclude>
    <ClInclude Include="..\..\..\bsr\bsr_ring.h">
      <Filter>bsr</Filter>
    </ClInclude>
    <ClInclude Include="..\..\..\bsr\bsr_split_req.h">
      <Filter>bsr</Filter>
    </ClInclude>
  </ItemGroup>
  <ItemGroup>
    <Filter Include="bsr">
      <UniqueIdentifier>{ca367182-75b3-4dfe-a3dc-7eba1b12a3dc}</UniqueIdentifier>
    </Filter>
    <Filter Include="bsr\bsr-kernel-compat">
      <UniqueIdentifier>{5d23593a-5c04-49aa-bb5e-5eaeb9582300}</UniqueIdentifier>
    </Filter>
    <Filter Include="bsr\bsr-kernel-compat\linux">
      <UniqueIdentifier>{5832d4f0-77fe-4d77-9034-6f60d8e13290}</UniqueIdentifier>
    </Filter>
    <Filter Include="bsr\bsr-kernel-compat\windows">
      <UniqueIdentifier>{1888936d-bd92-4c2d-847b-112663739f70}</UniqueIdentifier>
    </Filter>
    <Filter Include="bsr-headers">
      <UniqueIdentifier>{20a9f7c1-b586-477e-8efb-9ef7444e5b47}</UniqueIdentifier>
    </Filter>
    <Filter Include="bsr-headers\linux">
      <UniqueIdentifier>{76bb1b37-bf12-48cb-a5ae-a3de74397f81}</UniqueIdentifier>
    </Filter>
    <Filter Include="bsr-headers\windows">
      <UniqueIdentifier>{5ce1fd81-14cb-4b3f-9a8c-499da720e80b}</UniqueIdentifier>
    </Filter>
    <Filter Include="bsr-platform">
      <UniqueIdentifier>{fe5863bf-4e9f-4d00-899e-278ad15589c1}</UniqueIdentifier>
    </Filter>
    <Filter Include="bsr-platform\windows">
      <UniqueIdentifier>{fb8829be-7654-4983-9e52-dbcdef1c50cf}</UniqueIdentifier>
    </Filter>
    <Filter Include="bsr-platform\windows\bsrvflt">
      <UniqueIdentifier>{47db6491-8b16-49b8-abee-d4334c2c98a2}</UniqueIdentifier>
    </Filter>
    <Filter Include="bsr\linux">
      <UniqueIdentifier>{0626e9c9-08d8-4688-8444-3635c817cb8d}</UniqueIdentifier>
    </Filter>
  </ItemGroup>
  <ItemGroup>
    <ResourceCompile Include="bsrvflt.rc">
      <Filter>bsr-platform\windows\bsrvflt</Filter>
    </ResourceCompile>
  </ItemGroup>
  <ItemGroup>
    <None Include="MSG00001.bin">
      <Filter>bsr-platform\windows\bsrvflt</Filter>
    </None>
  </ItemGroup>
  <ItemGroup>
    <Inf Include="bsrvflt.inf">
      <Filter>bsr-platform\windows\bsrvflt</Filter>
    </Inf>
  </ItemGroup>
  <ItemGroup>
    <MessageCompile Include="bsrvflt.mc">
      <Filter>bsr-platform\windows\bsrvflt</Filter>
    </MessageCompile>
  </ItemGroup>
</Project>