<?xml version="1.0" encoding="utf-8"?>
<Project ToolsVersion="4.0" xmlns="http://schemas.microsoft.com/developer/msbuild/2003">
  <ItemGroup>
    <Filter Include="Source Files">
      <UniqueIdentifier>{4FC737F1-C7A5-4376-A066-2A32D752A2FF}</UniqueIdentifier>
      <Extensions>cpp;c;cc;cxx;def;odl;idl;hpj;bat;asm;asmx</Extensions>
    </Filter>
    <Filter Include="Header Files">
      <UniqueIdentifier>{93995380-89BD-4b04-88EB-625FBE52EBFB}</UniqueIdentifier>
      <Extensions>h;hpp;hxx;hm;inl;inc;xsd</Extensions>
    </Filter>
    <Filter Include="Resource Files">
      <UniqueIdentifier>{67DA6AB6-F800-4c08-8B7A-83BB121AAD01}</UniqueIdentifier>
      <Extensions>rc;ico;cur;bmp;dlg;rc2;rct;bin;rgs;gif;jpg;jpeg;jpe;resx;tiff;tif;png;wav;mfcribbon-ms</Extensions>
    </Filter>
    <Filter Include="bsr">
      <UniqueIdentifier>{fedb00aa-357f-477d-afbc-937e6f2defb8}</UniqueIdentifier>
    </Filter>
    <Filter Include="bsr\linux">
      <UniqueIdentifier>{74500581-b928-4cda-9506-9f823cdf48d1}</UniqueIdentifier>
    </Filter>
    <Filter Include="bsr-headers">
      <UniqueIdentifier>{be4097c4-775b-4e06-bbc9-ecd37394ecd9}</UniqueIdentifier>
    </Filter>
    <Filter Include="bsr-headers\windows">
      <UniqueIdentifier>{7624d038-06ff-4388-8fc5-f2e5395b665f}</UniqueIdentifier>
    </Filter>
    <Filter Include="bsr-headers\windows\linux-compat">
      <UniqueIdentifier>{3b44d30e-dca5-4d94-861e-9531ea01d734}</UniqueIdentifier>
    </Filter>
  </ItemGroup>
  <ItemGroup>
    <ClCompile Include="data.c">
      <Filter>Source Files</Filter>
    </ClCompile>
    <ClCompile Include="disp.c">
      <Filter>Source Files</Filter>
    </ClCompile>
    <ClCompile Include="ops.c">
      <Filter>Source Files</Filter>
    </ClCompile>
    <ClCompile Include="send_buf.c">
      <Filter>Source Files</Filter>
    </ClCompile>
    <ClCompile Include="sub.c">
      <Filter>Source Files</Filter>
    </ClCompile>
    <ClCompile Include="thread.c">
      <Filter>Source Files</Filter>
    </ClCompile>
    <ClCompile Include="util.c">
      <Filter>Source Files</Filter>
    </ClCompile>
    <ClCompile Include="wsk2.c">
      <Filter>Source Files</Filter>
    </ClCompile>
    <ClCompile Include="drbd_windows.c">
      <Filter>Source Files</Filter>
    </ClCompile>
    <ClCompile Include="..\..\..\bsr\drbd_actlog.c">
      <Filter>bsr</Filter>
    </ClCompile>
    <ClCompile Include="..\..\..\bsr\drbd_bitmap.c">
      <Filter>bsr</Filter>
    </ClCompile>
    <ClCompile Include="..\..\..\bsr\drbd_buildtag.c">
      <Filter>bsr</Filter>
    </ClCompile>
    <ClCompile Include="..\..\..\bsr\drbd_debugfs.c">
      <Filter>bsr</Filter>
    </ClCompile>
    <ClCompile Include="..\..\..\bsr\drbd_interval.c">
      <Filter>bsr</Filter>
    </ClCompile>
    <ClCompile Include="..\..\..\bsr\drbd_kref_debug.c">
      <Filter>bsr</Filter>
    </ClCompile>
    <ClCompile Include="..\..\..\bsr\drbd_main.c">
      <Filter>bsr</Filter>
    </ClCompile>
    <ClCompile Include="..\..\..\bsr\drbd_nl.c">
      <Filter>bsr</Filter>
    </ClCompile>
    <ClCompile Include="..\..\..\bsr\drbd_nla.c">
      <Filter>bsr</Filter>
    </ClCompile>
    <ClCompile Include="..\..\..\bsr\drbd_proc.c">
      <Filter>bsr</Filter>
    </ClCompile>
    <ClCompile Include="..\..\..\bsr\drbd_receiver.c">
      <Filter>bsr</Filter>
    </ClCompile>
    <ClCompile Include="..\..\..\bsr\drbd_req.c">
      <Filter>bsr</Filter>
    </ClCompile>
    <ClCompile Include="..\..\..\bsr\drbd_sender.c">
      <Filter>bsr</Filter>
    </ClCompile>
    <ClCompile Include="..\..\..\bsr\drbd_state.c">
      <Filter>bsr</Filter>
    </ClCompile>
    <ClCompile Include="..\..\..\bsr\drbd_transport.c">
      <Filter>bsr</Filter>
    </ClCompile>
    <ClCompile Include="..\..\..\bsr\drbd_transport_tcp.c">
      <Filter>bsr</Filter>
    </ClCompile>
    <ClCompile Include="..\..\..\bsr\drbd_transport_template.c">
      <Filter>bsr</Filter>
    </ClCompile>
    <ClCompile Include="..\..\..\bsr\kref_debug.c">
      <Filter>bsr</Filter>
    </ClCompile>
    <ClCompile Include="..\..\..\bsr\lru_cache.c">
      <Filter>bsr</Filter>
    </ClCompile>
    <ClCompile Include="..\..\..\bsr-headers\drbd_strings.c">
      <Filter>bsr-headers</Filter>
    </ClCompile>
    <ClCompile Include="..\..\..\bsr-headers\windows\linux-compat\Attr.c">
      <Filter>bsr-headers\windows\linux-compat</Filter>
    </ClCompile>
    <ClCompile Include="..\..\..\bsr-headers\windows\linux-compat\hweight.c">
      <Filter>bsr-headers\windows\linux-compat</Filter>
    </ClCompile>
    <ClCompile Include="..\..\..\bsr-headers\windows\linux-compat\idr.c">
      <Filter>bsr-headers\windows\linux-compat</Filter>
    </ClCompile>
    <ClCompile Include="..\..\..\bsr-headers\windows\linux-compat\netlink.c">
      <Filter>bsr-headers\windows\linux-compat</Filter>
    </ClCompile>
    <ClCompile Include="..\..\..\bsr-headers\windows\linux-compat\rbtree.c">
      <Filter>bsr-headers\windows\linux-compat</Filter>
    </ClCompile>
    <ClCompile Include="..\..\..\bsr-headers\windows\linux-compat\seq_file.c">
      <Filter>bsr-headers\windows\linux-compat</Filter>
    </ClCompile>
  </ItemGroup>
  <ItemGroup>
    <ClInclude Include="drbd_windows.h">
      <Filter>Header Files</Filter>
    </ClInclude>
    <ClInclude Include="drbd_wingenl.h">
      <Filter>Header Files</Filter>
    </ClInclude>
    <ClInclude Include="proto.h">
      <Filter>Header Files</Filter>
    </ClInclude>
    <ClInclude Include="comm.h">
      <Filter>Header Files</Filter>
    </ClInclude>
    <ClInclude Include="disp.h">
      <Filter>Header Files</Filter>
    </ClInclude>
    <ClInclude Include="mvolmsg.h">
      <Filter>Header Files</Filter>
    </ClInclude>
    <ClInclude Include="mvolse.h">
      <Filter>Header Files</Filter>
    </ClInclude>
    <ClInclude Include="send_buf.h">
      <Filter>Header Files</Filter>
    </ClInclude>
    <ClInclude Include="wsk2.h">
      <Filter>Header Files</Filter>
    </ClInclude>
    <ClInclude Include="..\..\..\bsr\bsr-kernel-compat\linux\autoconf.h">
      <Filter>bsr\linux</Filter>
    </ClInclude>
    <ClInclude Include="..\..\..\bsr\bsr-kernel-compat\linux\drbd_config.h">
      <Filter>bsr\linux</Filter>
    </ClInclude>
    <ClInclude Include="..\..\..\bsr\bsr-kernel-compat\linux\dynamic_debug.h">
      <Filter>bsr\linux</Filter>
    </ClInclude>
    <ClInclude Include="..\..\..\bsr\bsr-kernel-compat\linux\genl_magic_func-genl_register_family_with_ops_groups.h">
      <Filter>bsr\linux</Filter>
    </ClInclude>
    <ClInclude Include="..\..\..\bsr\bsr-kernel-compat\linux\genl_magic_func-genl_register_mc_group.h">
      <Filter>bsr\linux</Filter>
    </ClInclude>
    <ClInclude Include="..\..\..\bsr\bsr-kernel-compat\linux\hardirq.h">
      <Filter>bsr\linux</Filter>
    </ClInclude>
    <ClInclude Include="..\..\..\bsr\bsr-kernel-compat\linux\lru_cache.h">
      <Filter>bsr\linux</Filter>
    </ClInclude>
    <ClInclude Include="..\..\..\bsr\bsr-kernel-compat\linux\memcontrol.h">
      <Filter>bsr\linux</Filter>
    </ClInclude>
    <ClInclude Include="..\..\..\bsr\bsr-kernel-compat\linux\mutex.h">
      <Filter>bsr\linux</Filter>
    </ClInclude>
    <ClInclude Include="..\..\..\bsr\bsr-kernel-compat\linux\tracepoint.h">
      <Filter>bsr\linux</Filter>
    </ClInclude>
    <ClInclude Include="..\..\..\bsr\drbd_debugfs.h">
      <Filter>bsr</Filter>
    </ClInclude>
    <ClInclude Include="..\..\..\bsr\drbd_int.h">
      <Filter>bsr</Filter>
    </ClInclude>
    <ClInclude Include="..\..\..\bsr\drbd_interval.h">
      <Filter>bsr</Filter>
    </ClInclude>
    <ClInclude Include="..\..\..\bsr\drbd_kref_debug.h">
      <Filter>bsr</Filter>
    </ClInclude>
    <ClInclude Include="..\..\..\bsr\drbd_nla.h">
      <Filter>bsr</Filter>
    </ClInclude>
    <ClInclude Include="..\..\..\bsr\drbd_req.h">
      <Filter>bsr</Filter>
    </ClInclude>
    <ClInclude Include="..\..\..\bsr\drbd_state.h">
      <Filter>bsr</Filter>
    </ClInclude>
    <ClInclude Include="..\..\..\bsr\drbd_state_change.h">
      <Filter>bsr</Filter>
    </ClInclude>
    <ClInclude Include="..\..\..\bsr\drbd_vli.h">
      <Filter>bsr</Filter>
    </ClInclude>
    <ClInclude Include="..\..\..\bsr\kref_debug.h">
      <Filter>bsr</Filter>
    </ClInclude>
    <ClInclude Include="..\..\..\bsr-headers\windows\linux-compat\Backing-dev.h">
      <Filter>bsr-headers\windows\linux-compat</Filter>
    </ClInclude>
    <ClInclude Include="..\..\..\bsr-headers\windows\linux-compat\Bitops.h">
      <Filter>bsr-headers\windows\linux-compat</Filter>
    </ClInclude>
    <ClInclude Include="..\..\..\bsr-headers\windows\linux-compat\drbd_endian.h">
      <Filter>bsr-headers\windows\linux-compat</Filter>
    </ClInclude>
    <ClInclude Include="..\..\..\bsr-headers\windows\linux-compat\hweight.h">
      <Filter>bsr-headers\windows\linux-compat</Filter>
    </ClInclude>
    <ClInclude Include="..\..\..\bsr-headers\windows\linux-compat\idr.h">
      <Filter>bsr-headers\windows\linux-compat</Filter>
    </ClInclude>
    <ClInclude Include="..\..\..\bsr-headers\windows\linux-compat\jiffies.h">
      <Filter>bsr-headers\windows\linux-compat</Filter>
    </ClInclude>
    <ClInclude Include="..\..\..\bsr-headers\windows\linux-compat\Kernel.h">
      <Filter>bsr-headers\windows\linux-compat</Filter>
    </ClInclude>
    <ClInclude Include="..\..\..\bsr-headers\windows\linux-compat\list.h">
      <Filter>bsr-headers\windows\linux-compat</Filter>
    </ClInclude>
    <ClInclude Include="..\..\..\bsr-headers\windows\linux-compat\rbtree.h">
      <Filter>bsr-headers\windows\linux-compat</Filter>
    </ClInclude>
    <ClInclude Include="..\..\..\bsr-headers\windows\linux-compat\sched.h">
      <Filter>bsr-headers\windows\linux-compat</Filter>
    </ClInclude>
    <ClInclude Include="..\..\..\bsr-headers\windows\linux-compat\seq_file.h">
      <Filter>bsr-headers\windows\linux-compat</Filter>
    </ClInclude>
    <ClInclude Include="..\..\..\bsr-headers\windows\linux-compat\spinlock.h">
      <Filter>bsr-headers\windows\linux-compat</Filter>
    </ClInclude>
    <ClInclude Include="..\..\..\bsr-headers\windows\linux-compat\Wait.h">
      <Filter>bsr-headers\windows\linux-compat</Filter>
    </ClInclude>
    <ClInclude Include="..\..\..\bsr-headers\windows\drbd.h">
      <Filter>bsr-headers\windows</Filter>
    </ClInclude>
    <ClInclude Include="..\..\..\bsr-headers\windows\ioctl.h">
      <Filter>bsr-headers\windows</Filter>
    </ClInclude>
    <ClInclude Include="..\..\..\bsr-headers\windows\types.h">
      <Filter>bsr-headers\windows</Filter>
    </ClInclude>
    <ClInclude Include="..\..\..\bsr-headers\windows\wingenl.h">
      <Filter>bsr-headers\windows</Filter>
    </ClInclude>
    <ClInclude Include="..\..\..\bsr-headers\drbd_meta_data.h">
      <Filter>bsr-headers</Filter>
    </ClInclude>
    <ClInclude Include="..\..\..\bsr-headers\drbd_protocol.h">
      <Filter>bsr-headers</Filter>
    </ClInclude>
    <ClInclude Include="..\..\..\bsr-headers\drbd_strings.h">
      <Filter>bsr-headers</Filter>
    </ClInclude>
    <ClInclude Include="..\..\..\bsr-headers\drbd_transport.h">
      <Filter>bsr-headers</Filter>
    </ClInclude>
  </ItemGroup>
  <ItemGroup>
    <None Include="MSG00001.bin">
      <Filter>Resource Files</Filter>
    </None>
  </ItemGroup>
  <ItemGroup>
    <ResourceCompile Include="mvolmsg.rc">
      <Filter>Resource Files</Filter>
    </ResourceCompile>
  </ItemGroup>
  <ItemGroup>
    <MessageCompile Include="mvolmsg.mc">
      <Filter>Resource Files</Filter>
    </MessageCompile>
  </ItemGroup>
  <ItemGroup>
    <Inf Include="drbd.inf" />
  </ItemGroup>
</Project>