<?xml version="1.0" encoding="utf-8"?>
<Project ToolsVersion="4.0" xmlns="http://schemas.microsoft.com/developer/msbuild/2003">
  <ItemGroup>
    <Filter Include="bsr-platform">
      <UniqueIdentifier>{818bdc9f-3ed0-42a5-af7d-c1a96a925d56}</UniqueIdentifier>
    </Filter>
    <Filter Include="bsr-platform\windows">
      <UniqueIdentifier>{c2fc39cf-1c2f-49d6-9fe1-f141b4f0a39e}</UniqueIdentifier>
    </Filter>
    <Filter Include="bsr-platform\windows\bsrfsflt">
      <UniqueIdentifier>{c2bc6ab3-8a2d-4351-b7e0-7f4bf3958d9a}</UniqueIdentifier>
    </Filter>
    <Filter Include="bsr-platform\windows\bsrfsflt\Resource Files">
      <UniqueIdentifier>{67DA6AB6-F800-4c08-8B7A-83BB121AAD01}</UniqueIdentifier>
      <Extensions>rc;ico;cur;bmp;dlg;rc2;rct;bin;rgs;gif;jpg;jpeg;jpe;resx;tiff;tif;png;wav;mfcribbon-ms</Extensions>
    </Filter>
  </ItemGroup>
  <ItemGroup>
    <ClCompile Include="drbdlock.c">
      <Filter>bsr-platform\windows\bsrfsflt</Filter>
    </ClCompile>
    <ClCompile Include="drbdlock_ops.c">
      <Filter>bsr-platform\windows\bsrfsflt</Filter>
    </ClCompile>
    <ClCompile Include="volBlock.c">
      <Filter>bsr-platform\windows\bsrfsflt</Filter>
    </ClCompile>
  </ItemGroup>
  <ItemGroup>
    <ResourceCompile Include="drbdlock.rc">
      <Filter>bsr-platform\windows\bsrfsflt\Resource Files</Filter>
    </ResourceCompile>
  </ItemGroup>
  <ItemGroup>
    <ClInclude Include="drbdlock.h">
      <Filter>bsr-platform\windows\bsrfsflt</Filter>
    </ClInclude>
    <ClInclude Include="drbdlock_comm.h">
      <Filter>bsr-platform\windows\bsrfsflt</Filter>
    </ClInclude>
    <ClInclude Include="drbdlock_proc.h">
      <Filter>bsr-platform\windows\bsrfsflt</Filter>
    </ClInclude>
    <ClInclude Include="drbdlock_struct.h">
      <Filter>bsr-platform\windows\bsrfsflt</Filter>
    </ClInclude>
    <ClInclude Include="pch.h">
      <Filter>bsr-platform\windows\bsrfsflt</Filter>
    </ClInclude>
    <ClInclude Include="volBlock.h">
      <Filter>bsr-platform\windows\bsrfsflt</Filter>
    </ClInclude>
  </ItemGroup>
  <ItemGroup>
    <Inf Include="drbdlock.inf">
      <Filter>bsr-platform\windows\bsrfsflt</Filter>
    </Inf>
  </ItemGroup>
</Project>